{
  "name": "distributed-comp",
  "version": "1.0.0",
  "lockfileVersion": 1,
  "requires": true,
  "dependencies": {
    "double-ended-queue": {
      "version": "0.9.7",
      "resolved": "https://registry.npmjs.org/double-ended-queue/-/double-ended-queue-0.9.7.tgz",
      "integrity": "sha1-iuCnJl32bNw/B9zlWOlxattYarg="
    },
    "supertask": {
      "version": "2.1.0",
      "resolved": "https://registry.npmjs.org/supertask/-/supertask-2.1.0.tgz",
      "integrity": "sha1-ZqM1xrKXwH3TZJEnyIeSAd2nkag=",
      "requires": {
        "double-ended-queue": "0.9.7"
      }
    }
  }
}
