{
  "name": "nats-streaming",
  "version": "1.0.0",
  "lockfileVersion": 1,
  "requires": true,
  "dependencies": {
    "as-table": {
      "version": "1.0.52",
      "resolved": "https://registry.npmjs.org/as-table/-/as-table-1.0.52.tgz",
      "integrity": "sha512-Lw3OjVL9BDGSrU6RoK5aTm79SnrDY0Zvucxc+oOTqZrC2Sw575IhkOTPtvpzviliL/WJaCSWzJdKFdYeI+8wFg==",
      "requires": {
        "printable-characters": "^1.0.42"
      }
    },
    "dotenv": {
      "version": "8.0.0",
      "resolved": "https://registry.npmjs.org/dotenv/-/dotenv-8.0.0.tgz",
      "integrity": "sha512-30xVGqjLjiUOArT4+M5q9sYdvuR4riM6yK9wMcas9Vbp6zZa+ocC9dp6QoftuhTPhFAiLK/0C5Ni2nou/Bk8lg=="
    },
    "google-protobuf": {
      "version": "3.9.0",
      "resolved": "https://registry.npmjs.org/google-protobuf/-/google-protobuf-3.9.0.tgz",
      "integrity": "sha512-/t/7NvL9jAmfXLdqJG7Nv2c5Z2GTdZSKi/T6kI3hpIS4yA6rXqBAMF4Yx39xbICWDgRv+R+Z79n7ZxuvoUQU4w=="
    },
    "lodash": {
      "version": "4.17.21",
      "resolved": "https://registry.npmjs.org/lodash/-/lodash-4.17.21.tgz",
      "integrity": "sha512-v2kDEe57lecTulaDIuNTPy3Ry4gLGJ6Z1O3vE1krgXZNrsQ+LFTGHVxVjcXPs17LhbZVGedAJv8XZ1tvj5FvSg=="
    },
    "nats": {
      "version": "1.3.0",
      "resolved": "https://registry.npmjs.org/nats/-/nats-1.3.0.tgz",
      "integrity": "sha512-0Rbtl0WV5kXLcZlE5fbX06/YwVzvx9Ui5xaIsVH6rzRGu7FRUAHxueaZBPHIN3M82s3N4bbkSwghYipgcsIgbA==",
      "requires": {
        "nuid": "^1.0.0",
        "ts-nkeys": "^1.0.8"
      }
    },
    "node-nats-streaming": {
      "version": "0.2.4",
      "resolved": "https://registry.npmjs.org/node-nats-streaming/-/node-nats-streaming-0.2.4.tgz",
      "integrity": "sha512-LslxoaAXbhffbXmIvSDSCxhCQeyS/bMC4ROVTS5KDq5/fONCVmozLNTSEza38TH9/jg6j8H2HjJzTysTOSYwig==",
      "requires": {
        "google-protobuf": "^3.8.0",
        "nats": "^1.3.0",
        "nuid": "^1.1.0"
      }
    },
    "nuid": {
      "version": "1.1.0",
      "resolved": "https://registry.npmjs.org/nuid/-/nuid-1.1.0.tgz",
      "integrity": "sha512-C/JdZ6PtCqKsCEs4ni76nhBsdmuQgLAT/CTLNprkcLViDAnkk7qx5sSA8PVC2vmSsdBlSsFuGb52v6pwn1oaeg=="
    },
    "printable-characters": {
      "version": "1.0.42",
      "resolved": "https://registry.npmjs.org/printable-characters/-/printable-characters-1.0.42.tgz",
      "integrity": "sha1-Pxjpd6m9jrN/zE/1ZZ176Qhos9g="
    },
    "ts-nkeys": {
      "version": "1.0.12",
      "resolved": "https://registry.npmjs.org/ts-nkeys/-/ts-nkeys-1.0.12.tgz",
      "integrity": "sha512-5TgA+wbfxTy/9pdSuAhvneuL65KKoI7phonzNQH2UhnorAQAWehUwHNLEuli596wu/Fxh0SAhMeKZVLNx4s7Ow==",
      "requires": {
        "tweetnacl": "^1.0.1"
      }
    },
    "tweetnacl": {
      "version": "1.0.1",
      "resolved": "https://registry.npmjs.org/tweetnacl/-/tweetnacl-1.0.1.tgz",
      "integrity": "sha512-kcoMoKTPYnoeS50tzoqjPY3Uv9axeuuFAZY9M/9zFnhoVvRfxz9K29IMPD7jGmt2c8SW7i3gT9WqDl2+nV7p4A=="
    }
  }
}
